
Microsoft Visual Studio Solution File, Format Version 12.00
# Visual Studio Version 17
VisualStudioVersion = 17.14.36121.58 d17.14
MinimumVisualStudioVersion = 10.0.40219.1
Project("{FAE04EC0-301F-11D3-BF4B-00C04F79EFBC}") = "RevealSdk.Server", "RevealSdk.Server.csproj", "{0478DD39-805F-FE26-36D5-AC4B15D7CA8B}"
EndProject
Global
	GlobalSection(SolutionConfigurationPlatforms) = preSolution
		Debug|Any CPU = Debug|Any CPU
		Debug|x64 = Debug|x64
		Release|Any CPU = Release|Any CPU
		Release|x64 = Release|x64
	EndGlobalSection
	GlobalSection(ProjectConfigurationPlatforms) = postSolution
		{0478DD39-805F-FE26-36D5-AC4B15D7CA8B}.Debug|Any CPU.ActiveCfg = Debug|Any CPU
		{0478DD39-805F-FE26-36D5-AC4B15D7CA8B}.Debug|Any CPU.Build.0 = Debug|Any CPU
		{0478DD39-805F-FE26-36D5-AC4B15D7CA8B}.Debug|x64.ActiveCfg = Debug|x64
		{0478DD39-805F-FE26-36D5-AC4B15D7CA8B}.Debug|x64.Build.0 = Debug|x64
		{0478DD39-805F-FE26-36D5-AC4B15D7CA8B}.Release|Any CPU.ActiveCfg = Release|Any CPU
		{0478DD39-805F-FE26-36D5-AC4B15D7CA8B}.Release|Any CPU.Build.0 = Release|Any CPU
		{0478DD39-805F-FE26-36D5-AC4B15D7CA8B}.Release|x64.ActiveCfg = Release|x64
		{0478DD39-805F-FE26-36D5-AC4B15D7CA8B}.Release|x64.Build.0 = Release|x64
	EndGlobalSection
	GlobalSection(SolutionProperties) = preSolution
		HideSolutionNode = FALSE
	EndGlobalSection
	GlobalSection(ExtensibilityGlobals) = postSolution
		SolutionGuid = {B89F6DF3-22D3-43FC-BD5D-32AC7FF8BACA}
	EndGlobalSection
EndGlobal
